github.com/mattn/go-nulltype v0.0.0-20230117041332-6715e831ac05 h1:Dp2pku8hVYKNpEH7nM3DHqU+NW8yeMBHE+UWIfoLytk=
github.com/mattn/go-nulltype v0.0.0-20230117041332-6715e831ac05/go.mod h1:XIOm21CDf5ka8fTS/K5hF9v9Xe5iTAVUb/NnTCAiF1s=
github.com/patrickmn/go-cache v2.1.0+incompatible h1:HRMgzkcYKYpi3C8ajMPV8OFXaaRUnok+kx1WdO15EQc=
github.com/patrickmn/go-cache v2.1.0+incompatible/go.mod h1:3Qf8kWWT7OJRJbdiICTKqZju1ZixQ/KpMGzzAfe6+WQ=
